
Microsoft Visual Studio Solution File, Format Version 12.00
# Visual Studio 15
VisualStudioVersion = 15.0.28010.2016
MinimumVisualStudioVersion = 10.0.40219.1
Project("{FAE04EC0-301F-11D3-BF4B-00C04F79EFBC}") = "ReichlichTresor", "ReichlichTresor\ReichlichTresor.csproj", "{B3408DB8-F02A-4718-80B9-5817C52D856F}"
EndProject
Global
	GlobalSection(SolutionConfigurationPlatforms) = preSolution
		Debug|Any CPU = Debug|Any CPU
		Release|Any CPU = Release|Any CPU
	EndGlobalSection
	GlobalSection(ProjectConfigurationPlatforms) = postSolution
		{B3408DB8-F02A-4718-80B9-5817C52D856F}.Debug|Any CPU.ActiveCfg = Debug|Any CPU
		{B3408DB8-F02A-4718-80B9-5817C52D856F}.Debug|Any CPU.Build.0 = Debug|Any CPU
		{B3408DB8-F02A-4718-80B9-5817C52D856F}.Release|Any CPU.ActiveCfg = Release|Any CPU
		{B3408DB8-F02A-4718-80B9-5817C52D856F}.Release|Any CPU.Build.0 = Release|Any CPU
	EndGlobalSection
	GlobalSection(SolutionProperties) = preSolution
		HideSolutionNode = FALSE
	EndGlobalSection
	GlobalSection(ExtensibilityGlobals) = postSolution
		SolutionGuid = {E2470F8A-C3C5-454F-AA1B-50A20AEE0CE0}
	EndGlobalSection
EndGlobal
